
Microsoft Visual Studio Solution File, Format Version 12.00
# Visual Studio Version 16
VisualStudioVersion = 16.0.28729.10
MinimumVisualStudioVersion = 10.0.40219.1
Project("{2150E333-8FDC-42A3-9474-1A3956D46DE8}") = "Core", "Core", "{C641D350-A3D7-4D58-AAB5-4A5F7E1987BD}"
EndProject
Project("{2150E333-8FDC-42A3-9474-1A3956D46DE8}") = "Loader", "Loader", "{6890FF17-3D9A-484C-8CDA-CB8EA180B9A1}"
EndProject
Project("{9A19103F-16F7-4668-BE54-9A1E7A4F7556}") = "WorldHexagonMap.Loader", "Loader\WorldHexagonMap.Loader.Implementation\WorldHexagonMap.Loader.csproj", "{F068D55A-965C-486D-BD72-4FB2F42DB126}"
EndProject
Project("{9A19103F-16F7-4668-BE54-9A1E7A4F7556}") = "WorldHexagonMap.Loader.Test", "Loader\WorldHexagonMap.Loader.Test\WorldHexagonMap.Loader.Test.csproj", "{9F19DC55-C4A1-46FD-9B75-52BDBF728871}"
EndProject
Project("{9A19103F-16F7-4668-BE54-9A1E7A4F7556}") = "WorldHexagonMap.Core.Test", "Core\WorldHexagonMap.Core.Test\WorldHexagonMap.Core.Test.csproj", "{3A12BB3D-6E79-43F1-A525-96B9AAC8087C}"
EndProject
Project("{9A19103F-16F7-4668-BE54-9A1E7A4F7556}") = "WorldHexagonMap.Core", "Core\WorldHexagonMap.Core\WorldHexagonMap.Core.csproj", "{10592B2F-23C1-4F92-A709-2174604D7D50}"
EndProject
Project("{FAE04EC0-301F-11D3-BF4B-00C04F79EFBC}") = "WorldHexagonMap.Loader.Service", "Loader\WorldHexagonMap.Loader.Service\WorldHexagonMap.Loader.Service.csproj", "{C7CBB93A-673F-415C-9D58-2E03504DC24C}"
EndProject
Global
	GlobalSection(SolutionConfigurationPlatforms) = preSolution
		Debug|Any CPU = Debug|Any CPU
		Release|Any CPU = Release|Any CPU
	EndGlobalSection
	GlobalSection(ProjectConfigurationPlatforms) = postSolution
		{F068D55A-965C-486D-BD72-4FB2F42DB126}.Debug|Any CPU.ActiveCfg = Debug|Any CPU
		{F068D55A-965C-486D-BD72-4FB2F42DB126}.Debug|Any CPU.Build.0 = Debug|Any CPU
		{F068D55A-965C-486D-BD72-4FB2F42DB126}.Release|Any CPU.ActiveCfg = Release|Any CPU
		{F068D55A-965C-486D-BD72-4FB2F42DB126}.Release|Any CPU.Build.0 = Release|Any CPU
		{9F19DC55-C4A1-46FD-9B75-52BDBF728871}.Debug|Any CPU.ActiveCfg = Debug|Any CPU
		{9F19DC55-C4A1-46FD-9B75-52BDBF728871}.Debug|Any CPU.Build.0 = Debug|Any CPU
		{9F19DC55-C4A1-46FD-9B75-52BDBF728871}.Release|Any CPU.ActiveCfg = Release|Any CPU
		{9F19DC55-C4A1-46FD-9B75-52BDBF728871}.Release|Any CPU.Build.0 = Release|Any CPU
		{3A12BB3D-6E79-43F1-A525-96B9AAC8087C}.Debug|Any CPU.ActiveCfg = Debug|Any CPU
		{3A12BB3D-6E79-43F1-A525-96B9AAC8087C}.Debug|Any CPU.Build.0 = Debug|Any CPU
		{3A12BB3D-6E79-43F1-A525-96B9AAC8087C}.Release|Any CPU.ActiveCfg = Release|Any CPU
		{3A12BB3D-6E79-43F1-A525-96B9AAC8087C}.Release|Any CPU.Build.0 = Release|Any CPU
		{10592B2F-23C1-4F92-A709-2174604D7D50}.Debug|Any CPU.ActiveCfg = Debug|Any CPU
		{10592B2F-23C1-4F92-A709-2174604D7D50}.Debug|Any CPU.Build.0 = Debug|Any CPU
		{10592B2F-23C1-4F92-A709-2174604D7D50}.Release|Any CPU.ActiveCfg = Release|Any CPU
		{10592B2F-23C1-4F92-A709-2174604D7D50}.Release|Any CPU.Build.0 = Release|Any CPU
		{C7CBB93A-673F-415C-9D58-2E03504DC24C}.Debug|Any CPU.ActiveCfg = Debug|Any CPU
		{C7CBB93A-673F-415C-9D58-2E03504DC24C}.Debug|Any CPU.Build.0 = Debug|Any CPU
		{C7CBB93A-673F-415C-9D58-2E03504DC24C}.Release|Any CPU.ActiveCfg = Release|Any CPU
		{C7CBB93A-673F-415C-9D58-2E03504DC24C}.Release|Any CPU.Build.0 = Release|Any CPU
	EndGlobalSection
	GlobalSection(SolutionProperties) = preSolution
		HideSolutionNode = FALSE
	EndGlobalSection
	GlobalSection(NestedProjects) = preSolution
		{F068D55A-965C-486D-BD72-4FB2F42DB126} = {6890FF17-3D9A-484C-8CDA-CB8EA180B9A1}
		{9F19DC55-C4A1-46FD-9B75-52BDBF728871} = {6890FF17-3D9A-484C-8CDA-CB8EA180B9A1}
		{3A12BB3D-6E79-43F1-A525-96B9AAC8087C} = {C641D350-A3D7-4D58-AAB5-4A5F7E1987BD}
		{10592B2F-23C1-4F92-A709-2174604D7D50} = {C641D350-A3D7-4D58-AAB5-4A5F7E1987BD}
		{C7CBB93A-673F-415C-9D58-2E03504DC24C} = {6890FF17-3D9A-484C-8CDA-CB8EA180B9A1}
	EndGlobalSection
	GlobalSection(ExtensibilityGlobals) = postSolution
		SolutionGuid = {80A2AB6D-CAF4-4B3C-8B32-382D263D8BC0}
	EndGlobalSection
EndGlobal
